PODS:
  - composeApp (1.0.0):
    - powersync-sqlite-core (= 0.3.12)
  - powersync-sqlite-core (0.3.12)

DEPENDENCIES:
  - composeApp (from `../composeApp`)

SPEC REPOS:
  trunk:
    - powersync-sqlite-core

EXTERNAL SOURCES:
  composeApp:
    :path: "../composeApp"

SPEC CHECKSUMS:
  composeApp: 904d95008148b122d963aa082a29624b99d0f4e1
  powersync-sqlite-core: fcc32da5528fca9d50b185fcd777705c034e255b

PODFILE CHECKSUM: 4680f51fbb293d1385fb2467ada435cc1f16ab3d

COCOAPODS: 1.16.2
