PODS:
  - composeApp (1.0.0):
    - powersync-sqlite-core (= 0.4.0)
  - powersync-sqlite-core (0.4.0)

DEPENDENCIES:
  - composeApp (from `../composeApp`)

SPEC REPOS:
  trunk:
    - powersync-sqlite-core

EXTERNAL SOURCES:
  composeApp:
    :path: "../composeApp"

SPEC CHECKSUMS:
  composeApp: f3426c7c85040911848919eebf5573c0f1306733
  powersync-sqlite-core: 3bfe9a3c210e130583496871b404f18d4cfbe366

PODFILE CHECKSUM: 4680f51fbb293d1385fb2467ada435cc1f16ab3d

COCOAPODS: 1.16.2
