PODS:
  - composeApp (1.0.0):
    - powersync-sqlite-core
  - powersync-sqlite-core (0.2.1)

DEPENDENCIES:
  - composeApp (from `../composeApp`)

SPEC REPOS:
  trunk:
    - powersync-sqlite-core

EXTERNAL SOURCES:
  composeApp:
    :path: "../composeApp"

SPEC CHECKSUMS:
  composeApp: d8d73ede600d0ced841c96b458570e50cad2d030
  powersync-sqlite-core: 38ead13d8b21920cfbc79e9b3415b833574a506d

PODFILE CHECKSUM: 4680f51fbb293d1385fb2467ada435cc1f16ab3d

COCOAPODS: 1.16.2
